// !$*UTF8*$!
{
	archiveVersion = 1;
	classes = {
	};
	objectVersion = 46;
	objects = {

/* Begin PBXBuildFile section */
		630A04601F8A967D002F4334 /* QRCodeReaderViewControllerDelegate.swift in Sources */ = {isa = PBXBuildFile; fileRef = 630A045F1F8A967D002F4334 /* QRCodeReaderViewControllerDelegate.swift */; };
		630A04641F8A98F9002F4334 /* AVFoundation.framework in Frameworks */ = {isa = PBXBuildFile; fileRef = 630A04631F8A98F9002F4334 /* AVFoundation.framework */; };
		630A04661F8A994D002F4334 /* CoreData.framework in Frameworks */ = {isa = PBXBuildFile; fileRef = 630A04651F8A994D002F4334 /* CoreData.framework */; };
		630A046A1F8A9B0C002F4334 /* RegisterViewController.swift in Sources */ = {isa = PBXBuildFile; fileRef = 630A04691F8A9B0C002F4334 /* RegisterViewController.swift */; };
		63839B911F8AB240002C6A84 /* SwiftQRCode.framework in Frameworks */ = {isa = PBXBuildFile; fileRef = 63839B901F8AB240002C6A84 /* SwiftQRCode.framework */; };
		63839B931F8AF007002C6A84 /* ExamsViewController.swift in Sources */ = {isa = PBXBuildFile; fileRef = 63839B921F8AF007002C6A84 /* ExamsViewController.swift */; };
		63839B951F8AF073002C6A84 /* Exam.swift in Sources */ = {isa = PBXBuildFile; fileRef = 63839B941F8AF073002C6A84 /* Exam.swift */; };
		63839B971F8AF08C002C6A84 /* Test.swift in Sources */ = {isa = PBXBuildFile; fileRef = 63839B961F8AF08C002C6A84 /* Test.swift */; };
		63839B9B1F8B3224002C6A84 /* ResultsViewController.swift in Sources */ = {isa = PBXBuildFile; fileRef = 63839B9A1F8B3224002C6A84 /* ResultsViewController.swift */; };
		63839B9E1F8B325F002C6A84 /* ExamViewController.swift in Sources */ = {isa = PBXBuildFile; fileRef = 63839B9D1F8B325F002C6A84 /* ExamViewController.swift */; };
		63839BA01F8B3274002C6A84 /* TestViewController.swift in Sources */ = {isa = PBXBuildFile; fileRef = 63839B9F1F8B3274002C6A84 /* TestViewController.swift */; };
		63839BA21F8B3851002C6A84 /* AccelerometerViewController.swift in Sources */ = {isa = PBXBuildFile; fileRef = 63839BA11F8B3851002C6A84 /* AccelerometerViewController.swift */; };
		63839BA61F8B389B002C6A84 /* OpenQuestionViewController.swift in Sources */ = {isa = PBXBuildFile; fileRef = 63839BA51F8B389B002C6A84 /* OpenQuestionViewController.swift */; };
		63839BA81F8B4D8F002C6A84 /* LocalAuthentication.framework in Frameworks */ = {isa = PBXBuildFile; fileRef = 63839BA71F8B4D8F002C6A84 /* LocalAuthentication.framework */; };
		A2B9B8E11F7EA553001A8414 /* AppDelegate.swift in Sources */ = {isa = PBXBuildFile; fileRef = A2B9B8E01F7EA553001A8414 /* AppDelegate.swift */; };
		A2B9B8E31F7EA553001A8414 /* ViewController.swift in Sources */ = {isa = PBXBuildFile; fileRef = A2B9B8E21F7EA553001A8414 /* ViewController.swift */; };
		A2B9B8E61F7EA553001A8414 /* Main.storyboard in Resources */ = {isa = PBXBuildFile; fileRef = A2B9B8E41F7EA553001A8414 /* Main.storyboard */; };
		A2B9B8E81F7EA553001A8414 /* Assets.xcassets in Resources */ = {isa = PBXBuildFile; fileRef = A2B9B8E71F7EA553001A8414 /* Assets.xcassets */; };
		A2B9B8EB1F7EA553001A8414 /* LaunchScreen.storyboard in Resources */ = {isa = PBXBuildFile; fileRef = A2B9B8E91F7EA553001A8414 /* LaunchScreen.storyboard */; };
		A2B9B8F31F7EAACB001A8414 /* GoogleService-Info.plist in Resources */ = {isa = PBXBuildFile; fileRef = A2B9B8F21F7EAACB001A8414 /* GoogleService-Info.plist */; };
		FF76EDFA52CCBB85221A0373 /* Pods_com_moviles_psychoapp.framework in Frameworks */ = {isa = PBXBuildFile; fileRef = AB9F9D7925AF2454D31AEDCC /* Pods_com_moviles_psychoapp.framework */; };
/* End PBXBuildFile section */

/* Begin PBXFileReference section */
		630A045F1F8A967D002F4334 /* QRCodeReaderViewControllerDelegate.swift */ = {isa = PBXFileReference; fileEncoding = 4; lastKnownFileType = sourcecode.swift; path = QRCodeReaderViewControllerDelegate.swift; sourceTree = "<group>"; };
		630A04611F8A98EB002F4334 /* QRCodeReader.framework */ = {isa = PBXFileReference; lastKnownFileType = wrapper.framework; name = QRCodeReader.framework; path = "Pods/../build/Debug-iphoneos/QRCodeReader.swift/QRCodeReader.framework"; sourceTree = "<group>"; };
		630A04631F8A98F9002F4334 /* AVFoundation.framework */ = {isa = PBXFileReference; lastKnownFileType = wrapper.framework; name = AVFoundation.framework; path = System/Library/Frameworks/AVFoundation.framework; sourceTree = SDKROOT; };
		630A04651F8A994D002F4334 /* CoreData.framework */ = {isa = PBXFileReference; lastKnownFileType = wrapper.framework; name = CoreData.framework; path = System/Library/Frameworks/CoreData.framework; sourceTree = SDKROOT; };
		630A04691F8A9B0C002F4334 /* RegisterViewController.swift */ = {isa = PBXFileReference; fileEncoding = 4; lastKnownFileType = sourcecode.swift; path = RegisterViewController.swift; sourceTree = "<group>"; };
		63839B901F8AB240002C6A84 /* SwiftQRCode.framework */ = {isa = PBXFileReference; lastKnownFileType = wrapper.framework; name = SwiftQRCode.framework; path = "../../Library/Developer/Xcode/DerivedData/com.moviles.psychoapp-agtxtpwenuosvqabjqzdbjlapcff/Build/Products/Debug-iphonesimulator/SwiftQRCode/SwiftQRCode.framework"; sourceTree = "<group>"; };
		63839B921F8AF007002C6A84 /* ExamsViewController.swift */ = {isa = PBXFileReference; fileEncoding = 4; lastKnownFileType = sourcecode.swift; path = ExamsViewController.swift; sourceTree = "<group>"; };
		63839B941F8AF073002C6A84 /* Exam.swift */ = {isa = PBXFileReference; fileEncoding = 4; lastKnownFileType = sourcecode.swift; path = Exam.swift; sourceTree = "<group>"; };
		63839B961F8AF08C002C6A84 /* Test.swift */ = {isa = PBXFileReference; fileEncoding = 4; lastKnownFileType = sourcecode.swift; path = Test.swift; sourceTree = "<group>"; };
		63839B9A1F8B3224002C6A84 /* ResultsViewController.swift */ = {isa = PBXFileReference; fileEncoding = 4; lastKnownFileType = sourcecode.swift; path = ResultsViewController.swift; sourceTree = "<group>"; };
		63839B9D1F8B325F002C6A84 /* ExamViewController.swift */ = {isa = PBXFileReference; fileEncoding = 4; lastKnownFileType = sourcecode.swift; path = ExamViewController.swift; sourceTree = "<group>"; };
		63839B9F1F8B3274002C6A84 /* TestViewController.swift */ = {isa = PBXFileReference; fileEncoding = 4; lastKnownFileType = sourcecode.swift; path = TestViewController.swift; sourceTree = "<group>"; };
		63839BA11F8B3851002C6A84 /* AccelerometerViewController.swift */ = {isa = PBXFileReference; fileEncoding = 4; lastKnownFileType = sourcecode.swift; path = AccelerometerViewController.swift; sourceTree = "<group>"; };
		63839BA51F8B389B002C6A84 /* OpenQuestionViewController.swift */ = {isa = PBXFileReference; fileEncoding = 4; lastKnownFileType = sourcecode.swift; path = OpenQuestionViewController.swift; sourceTree = "<group>"; };
		63839BA71F8B4D8F002C6A84 /* LocalAuthentication.framework */ = {isa = PBXFileReference; lastKnownFileType = wrapper.framework; name = LocalAuthentication.framework; path = System/Library/Frameworks/LocalAuthentication.framework; sourceTree = SDKROOT; };
		7C1905319338911691ACA589 /* Pods-com.moviles.psychoapp.release.xcconfig */ = {isa = PBXFileReference; includeInIndex = 1; lastKnownFileType = text.xcconfig; name = "Pods-com.moviles.psychoapp.release.xcconfig"; path = "Pods/Target Support Files/Pods-com.moviles.psychoapp/Pods-com.moviles.psychoapp.release.xcconfig"; sourceTree = "<group>"; };
		A2B9B8DD1F7EA553001A8414 /* com.moviles.psychoapp.app */ = {isa = PBXFileReference; explicitFileType = wrapper.application; includeInIndex = 0; path = com.moviles.psychoapp.app; sourceTree = BUILT_PRODUCTS_DIR; };
		A2B9B8E01F7EA553001A8414 /* AppDelegate.swift */ = {isa = PBXFileReference; lastKnownFileType = sourcecode.swift; path = AppDelegate.swift; sourceTree = "<group>"; };
		A2B9B8E21F7EA553001A8414 /* ViewController.swift */ = {isa = PBXFileReference; lastKnownFileType = sourcecode.swift; path = ViewController.swift; sourceTree = "<group>"; };
		A2B9B8E51F7EA553001A8414 /* Base */ = {isa = PBXFileReference; lastKnownFileType = file.storyboard; name = Base; path = Base.lproj/Main.storyboard; sourceTree = "<group>"; };
		A2B9B8E71F7EA553001A8414 /* Assets.xcassets */ = {isa = PBXFileReference; lastKnownFileType = folder.assetcatalog; path = Assets.xcassets; sourceTree = "<group>"; };
		A2B9B8EA1F7EA553001A8414 /* Base */ = {isa = PBXFileReference; lastKnownFileType = file.storyboard; name = Base; path = Base.lproj/LaunchScreen.storyboard; sourceTree = "<group>"; };
		A2B9B8EC1F7EA553001A8414 /* Info.plist */ = {isa = PBXFileReference; lastKnownFileType = text.plist.xml; path = Info.plist; sourceTree = "<group>"; };
		A2B9B8F21F7EAACB001A8414 /* GoogleService-Info.plist */ = {isa = PBXFileReference; fileEncoding = 4; lastKnownFileType = text.plist.xml; path = "GoogleService-Info.plist"; sourceTree = "<group>"; };
		AAE9B6A5F595296105175D35 /* Pods-com.moviles.psychoapp.debug.xcconfig */ = {isa = PBXFileReference; includeInIndex = 1; lastKnownFileType = text.xcconfig; name = "Pods-com.moviles.psychoapp.debug.xcconfig"; path = "Pods/Target Support Files/Pods-com.moviles.psychoapp/Pods-com.moviles.psychoapp.debug.xcconfig"; sourceTree = "<group>"; };
		AB9F9D7925AF2454D31AEDCC /* Pods_com_moviles_psychoapp.framework */ = {isa = PBXFileReference; explicitFileType = wrapper.framework; includeInIndex = 0; path = Pods_com_moviles_psychoapp.framework; sourceTree = BUILT_PRODUCTS_DIR; };
/* End PBXFileReference section */

/* Begin PBXFrameworksBuildPhase section */
		A2B9B8DA1F7EA552001A8414 /* Frameworks */ = {
			isa = PBXFrameworksBuildPhase;
			buildActionMask = 2147483647;
			files = (
				63839BA81F8B4D8F002C6A84 /* LocalAuthentication.framework in Frameworks */,
				63839B911F8AB240002C6A84 /* SwiftQRCode.framework in Frameworks */,
				630A04661F8A994D002F4334 /* CoreData.framework in Frameworks */,
				630A04641F8A98F9002F4334 /* AVFoundation.framework in Frameworks */,
				FF76EDFA52CCBB85221A0373 /* Pods_com_moviles_psychoapp.framework in Frameworks */,
			);
			runOnlyForDeploymentPostprocessing = 0;
		};
/* End PBXFrameworksBuildPhase section */

/* Begin PBXGroup section */
		2548176692A1EE5161000C76 /* Frameworks */ = {
			isa = PBXGroup;
			children = (
				63839BA71F8B4D8F002C6A84 /* LocalAuthentication.framework */,
				63839B901F8AB240002C6A84 /* SwiftQRCode.framework */,
				630A04651F8A994D002F4334 /* CoreData.framework */,
				630A04631F8A98F9002F4334 /* AVFoundation.framework */,
				630A04611F8A98EB002F4334 /* QRCodeReader.framework */,
				AB9F9D7925AF2454D31AEDCC /* Pods_com_moviles_psychoapp.framework */,
			);
			name = Frameworks;
			sourceTree = "<group>";
		};
		4C54E0BC96C7E8A063404E63 /* Pods */ = {
			isa = PBXGroup;
			children = (
				AAE9B6A5F595296105175D35 /* Pods-com.moviles.psychoapp.debug.xcconfig */,
				7C1905319338911691ACA589 /* Pods-com.moviles.psychoapp.release.xcconfig */,
			);
			name = Pods;
			sourceTree = "<group>";
		};
		6381C20E1F8A8B5300467BB3 /* Entities */ = {
			isa = PBXGroup;
			children = (
				63839B941F8AF073002C6A84 /* Exam.swift */,
				63839B961F8AF08C002C6A84 /* Test.swift */,
			);
			name = Entities;
			sourceTree = "<group>";
		};
		63839B9C1F8B3235002C6A84 /* TakeTestController */ = {
			isa = PBXGroup;
			children = (
				63839B9D1F8B325F002C6A84 /* ExamViewController.swift */,
				63839B9F1F8B3274002C6A84 /* TestViewController.swift */,
				63839BA11F8B3851002C6A84 /* AccelerometerViewController.swift */,
				63839BA51F8B389B002C6A84 /* OpenQuestionViewController.swift */,
			);
			name = TakeTestController;
			sourceTree = "<group>";
		};
		A2B9B8D41F7EA552001A8414 = {
			isa = PBXGroup;
			children = (
				A2B9B8DF1F7EA553001A8414 /* com.moviles.psychoapp */,
				A2B9B8DE1F7EA553001A8414 /* Products */,
				4C54E0BC96C7E8A063404E63 /* Pods */,
				2548176692A1EE5161000C76 /* Frameworks */,
			);
			sourceTree = "<group>";
		};
		A2B9B8DE1F7EA553001A8414 /* Products */ = {
			isa = PBXGroup;
			children = (
				A2B9B8DD1F7EA553001A8414 /* com.moviles.psychoapp.app */,
			);
			name = Products;
			sourceTree = "<group>";
		};
		A2B9B8DF1F7EA553001A8414 /* com.moviles.psychoapp */ = {
			isa = PBXGroup;
			children = (
				63839B9C1F8B3235002C6A84 /* TakeTestController */,
				6381C20E1F8A8B5300467BB3 /* Entities */,
				A2B9B8E01F7EA553001A8414 /* AppDelegate.swift */,
				A2B9B8E21F7EA553001A8414 /* ViewController.swift */,
				A2B9B8E41F7EA553001A8414 /* Main.storyboard */,
				A2B9B8E71F7EA553001A8414 /* Assets.xcassets */,
				A2B9B8E91F7EA553001A8414 /* LaunchScreen.storyboard */,
				A2B9B8EC1F7EA553001A8414 /* Info.plist */,
				A2B9B8F21F7EAACB001A8414 /* GoogleService-Info.plist */,
				630A045F1F8A967D002F4334 /* QRCodeReaderViewControllerDelegate.swift */,
				630A04691F8A9B0C002F4334 /* RegisterViewController.swift */,
				63839B921F8AF007002C6A84 /* ExamsViewController.swift */,
				63839B9A1F8B3224002C6A84 /* ResultsViewController.swift */,
			);
			path = com.moviles.psychoapp;
			sourceTree = "<group>";
		};
/* End PBXGroup section */

/* Begin PBXNativeTarget section */
		A2B9B8DC1F7EA552001A8414 /* com.moviles.psychoapp */ = {
			isa = PBXNativeTarget;
			buildConfigurationList = A2B9B8EF1F7EA553001A8414 /* Build configuration list for PBXNativeTarget "com.moviles.psychoapp" */;
			buildPhases = (
				FE88184763BF551FD537B691 /* [CP] Check Pods Manifest.lock */,
				A2B9B8D91F7EA552001A8414 /* Sources */,
				A2B9B8DA1F7EA552001A8414 /* Frameworks */,
				A2B9B8DB1F7EA552001A8414 /* Resources */,
				02E3B8DC3A6EEC11A6669C9B /* [CP] Embed Pods Frameworks */,
				FA934F2D14767D0EFE0662D3 /* [CP] Copy Pods Resources */,
			);
			buildRules = (
			);
			dependencies = (
			);
			name = com.moviles.psychoapp;
			productName = com.moviles.psychoapp;
			productReference = A2B9B8DD1F7EA553001A8414 /* com.moviles.psychoapp.app */;
			productType = "com.apple.product-type.application";
		};
/* End PBXNativeTarget section */

/* Begin PBXProject section */
		A2B9B8D51F7EA552001A8414 /* Project object */ = {
			isa = PBXProject;
			attributes = {
				LastSwiftUpdateCheck = 0820;
				LastUpgradeCheck = 0820;
				ORGANIZATIONNAME = "Gustavo Adolfo Alegria Zu±iga";
				TargetAttributes = {
					A2B9B8DC1F7EA552001A8414 = {
						CreatedOnToolsVersion = 8.2.1;
						ProvisioningStyle = Automatic;
					};
				};
			};
			buildConfigurationList = A2B9B8D81F7EA552001A8414 /* Build configuration list for PBXProject "com.moviles.psychoapp" */;
			compatibilityVersion = "Xcode 3.2";
			developmentRegion = English;
			hasScannedForEncodings = 0;
			knownRegions = (
				en,
				Base,
			);
			mainGroup = A2B9B8D41F7EA552001A8414;
			productRefGroup = A2B9B8DE1F7EA553001A8414 /* Products */;
			projectDirPath = "";
			projectRoot = "";
			targets = (
				A2B9B8DC1F7EA552001A8414 /* com.moviles.psychoapp */,
			);
		};
/* End PBXProject section */

/* Begin PBXResourcesBuildPhase section */
		A2B9B8DB1F7EA552001A8414 /* Resources */ = {
			isa = PBXResourcesBuildPhase;
			buildActionMask = 2147483647;
			files = (
				A2B9B8EB1F7EA553001A8414 /* LaunchScreen.storyboard in Resources */,
				A2B9B8F31F7EAACB001A8414 /* GoogleService-Info.plist in Resources */,
				A2B9B8E81F7EA553001A8414 /* Assets.xcassets in Resources */,
				A2B9B8E61F7EA553001A8414 /* Main.storyboard in Resources */,
			);
			runOnlyForDeploymentPostprocessing = 0;
		};
/* End PBXResourcesBuildPhase section */

/* Begin PBXShellScriptBuildPhase section */
		02E3B8DC3A6EEC11A6669C9B /* [CP] Embed Pods Frameworks */ = {
			isa = PBXShellScriptBuildPhase;
			buildActionMask = 2147483647;
			files = (
			);
			inputPaths = (
				"${SRCROOT}/Pods/Target Support Files/Pods-com.moviles.psychoapp/Pods-com.moviles.psychoapp-frameworks.sh",
				"${BUILT_PRODUCTS_DIR}/Bolts/Bolts.framework",
				"${BUILT_PRODUCTS_DIR}/FBSDKCoreKit/FBSDKCoreKit.framework",
				"${BUILT_PRODUCTS_DIR}/FBSDKLoginKit/FBSDKLoginKit.framework",
				"${BUILT_PRODUCTS_DIR}/GTMOAuth2/GTMOAuth2.framework",
				"${BUILT_PRODUCTS_DIR}/GTMSessionFetcher/GTMSessionFetcher.framework",
				"${BUILT_PRODUCTS_DIR}/GoogleToolboxForMac/GoogleToolboxForMac.framework",
				"${BUILT_PRODUCTS_DIR}/SDWebImage/SDWebImage.framework",
				"${BUILT_PRODUCTS_DIR}/SwiftQRCode/SwiftQRCode.framework",
				"${BUILT_PRODUCTS_DIR}/leveldb-library/leveldb.framework",
				"${BUILT_PRODUCTS_DIR}/nanopb/nanopb.framework",
			);
			name = "[CP] Embed Pods Frameworks";
			outputPaths = (
				"${TARGET_BUILD_DIR}/${FRAMEWORKS_FOLDER_PATH}/Bolts.framework",
				"${TARGET_BUILD_DIR}/${FRAMEWORKS_FOLDER_PATH}/FBSDKCoreKit.framework",
				"${TARGET_BUILD_DIR}/${FRAMEWORKS_FOLDER_PATH}/FBSDKLoginKit.framework",
				"${TARGET_BUILD_DIR}/${FRAMEWORKS_FOLDER_PATH}/GTMOAuth2.framework",
				"${TARGET_BUILD_DIR}/${FRAMEWORKS_FOLDER_PATH}/GTMSessionFetcher.framework",
				"${TARGET_BUILD_DIR}/${FRAMEWORKS_FOLDER_PATH}/GoogleToolboxForMac.framework",
				"${TARGET_BUILD_DIR}/${FRAMEWORKS_FOLDER_PATH}/SDWebImage.framework",
				"${TARGET_BUILD_DIR}/${FRAMEWORKS_FOLDER_PATH}/SwiftQRCode.framework",
				"${TARGET_BUILD_DIR}/${FRAMEWORKS_FOLDER_PATH}/leveldb.framework",
				"${TARGET_BUILD_DIR}/${FRAMEWORKS_FOLDER_PATH}/nanopb.framework",
			);
			runOnlyForDeploymentPostprocessing = 0;
			shellPath = /bin/sh;
			shellScript = "\"${SRCROOT}/Pods/Target Support Files/Pods-com.moviles.psychoapp/Pods-com.moviles.psychoapp-frameworks.sh\"\n";
			showEnvVarsInLog = 0;
		};
		FA934F2D14767D0EFE0662D3 /* [CP] Copy Pods Resources */ = {
			isa = PBXShellScriptBuildPhase;
			buildActionMask = 2147483647;
			files = (
			);
			inputPaths = (
				"${SRCROOT}/Pods/Target Support Files/Pods-com.moviles.psychoapp/Pods-com.moviles.psychoapp-resources.sh",
				$PODS_CONFIGURATION_BUILD_DIR/FirebaseUI/FirebaseAuthUI.bundle,
				$PODS_CONFIGURATION_BUILD_DIR/FirebaseUI/FirebaseFacebookAuthUI.bundle,
				$PODS_CONFIGURATION_BUILD_DIR/FirebaseUI/FirebaseGoogleAuthUI.bundle,
				$PODS_CONFIGURATION_BUILD_DIR/FirebaseUI/FirebasePhoneAuthUI.bundle,
				$PODS_CONFIGURATION_BUILD_DIR/FirebaseUI/FirebaseTwitterAuthUI.bundle,
				"${PODS_ROOT}/GoogleSignIn/Resources/GoogleSignIn.bundle",
				"${PODS_ROOT}/TwitterKit/iOS/TwitterKit.framework/TwitterKitResources.bundle",
				"${PODS_ROOT}/TwitterKit/iOS/TwitterKit.framework/TwitterShareExtensionUIResources.bundle",
			);
			name = "[CP] Copy Pods Resources";
			outputPaths = (
				"${TARGET_BUILD_DIR}/${UNLOCALIZED_RESOURCES_FOLDER_PATH}",
			);
			runOnlyForDeploymentPostprocessing = 0;
			shellPath = /bin/sh;
			shellScript = "\"${SRCROOT}/Pods/Target Support Files/Pods-com.moviles.psychoapp/Pods-com.moviles.psychoapp-resources.sh\"\n";
			showEnvVarsInLog = 0;
		};
		FE88184763BF551FD537B691 /* [CP] Check Pods Manifest.lock */ = {
			isa = PBXShellScriptBuildPhase;
			buildActionMask = 2147483647;
			files = (
			);
			inputPaths = (
				"${PODS_PODFILE_DIR_PATH}/Podfile.lock",
				"${PODS_ROOT}/Manifest.lock",
			);
			name = "[CP] Check Pods Manifest.lock";
			outputPaths = (
				"$(DERIVED_FILE_DIR)/Pods-com.moviles.psychoapp-checkManifestLockResult.txt",
			);
			runOnlyForDeploymentPostprocessing = 0;
			shellPath = /bin/sh;
			shellScript = "diff \"${PODS_PODFILE_DIR_PATH}/Podfile.lock\" \"${PODS_ROOT}/Manifest.lock\" > /dev/null\nif [ $? != 0 ] ; then\n    # print error to STDERR\n    echo \"error: The sandbox is not in sync with the Podfile.lock. Run 'pod install' or update your CocoaPods installation.\" >&2\n    exit 1\nfi\n# This output is used by Xcode 'outputs' to avoid re-running this script phase.\necho \"SUCCESS\" > \"${SCRIPT_OUTPUT_FILE_0}\"\n";
			showEnvVarsInLog = 0;
		};
/* End PBXShellScriptBuildPhase section */

/* Begin PBXSourcesBuildPhase section */
		A2B9B8D91F7EA552001A8414 /* Sources */ = {
			isa = PBXSourcesBuildPhase;
			buildActionMask = 2147483647;
			files = (
				63839BA61F8B389B002C6A84 /* OpenQuestionViewController.swift in Sources */,
				63839BA01F8B3274002C6A84 /* TestViewController.swift in Sources */,
				A2B9B8E31F7EA553001A8414 /* ViewController.swift in Sources */,
				630A04601F8A967D002F4334 /* QRCodeReaderViewControllerDelegate.swift in Sources */,
				63839B951F8AF073002C6A84 /* Exam.swift in Sources */,
				63839B971F8AF08C002C6A84 /* Test.swift in Sources */,
				A2B9B8E11F7EA553001A8414 /* AppDelegate.swift in Sources */,
				63839B9E1F8B325F002C6A84 /* ExamViewController.swift in Sources */,
				63839BA21F8B3851002C6A84 /* AccelerometerViewController.swift in Sources */,
				630A046A1F8A9B0C002F4334 /* RegisterViewController.swift in Sources */,
				63839B931F8AF007002C6A84 /* ExamsViewController.swift in Sources */,
				63839B9B1F8B3224002C6A84 /* ResultsViewController.swift in Sources */,
			);
			runOnlyForDeploymentPostprocessing = 0;
		};
/* End PBXSourcesBuildPhase section */

/* Begin PBXVariantGroup section */
		A2B9B8E41F7EA553001A8414 /* Main.storyboard */ = {
			isa = PBXVariantGroup;
			children = (
				A2B9B8E51F7EA553001A8414 /* Base */,
			);
			name = Main.storyboard;
			sourceTree = "<group>";
		};
		A2B9B8E91F7EA553001A8414 /* LaunchScreen.storyboard */ = {
			isa = PBXVariantGroup;
			children = (
				A2B9B8EA1F7EA553001A8414 /* Base */,
			);
			name = LaunchScreen.storyboard;
			sourceTree = "<group>";
		};
/* End PBXVariantGroup section */

/* Begin XCBuildConfiguration section */
		A2B9B8ED1F7EA553001A8414 /* Debug */ = {
			isa = XCBuildConfiguration;
			buildSettings = {
				ALWAYS_SEARCH_USER_PATHS = NO;
				CLANG_ANALYZER_NONNULL = YES;
				CLANG_CXX_LANGUAGE_STANDARD = "gnu++0x";
				CLANG_CXX_LIBRARY = "libc++";
				CLANG_ENABLE_MODULES = YES;
				CLANG_ENABLE_OBJC_ARC = YES;
				CLANG_WARN_BOOL_CONVERSION = YES;
				CLANG_WARN_CONSTANT_CONVERSION = YES;
				CLANG_WARN_DIRECT_OBJC_ISA_USAGE = YES_ERROR;
				CLANG_WARN_DOCUMENTATION_COMMENTS = YES;
				CLANG_WARN_EMPTY_BODY = YES;
				CLANG_WARN_ENUM_CONVERSION = YES;
				CLANG_WARN_INFINITE_RECURSION = YES;
				CLANG_WARN_INT_CONVERSION = YES;
				CLANG_WARN_OBJC_ROOT_CLASS = YES_ERROR;
				CLANG_WARN_SUSPICIOUS_MOVE = YES;
				CLANG_WARN_UNREACHABLE_CODE = YES;
				CLANG_WARN__DUPLICATE_METHOD_MATCH = YES;
				"CODE_SIGN_IDENTITY[sdk=iphoneos*]" = "iPhone Developer";
				COPY_PHASE_STRIP = NO;
				DEBUG_INFORMATION_FORMAT = dwarf;
				ENABLE_STRICT_OBJC_MSGSEND = YES;
				ENABLE_TESTABILITY = YES;
				GCC_C_LANGUAGE_STANDARD = gnu99;
				GCC_DYNAMIC_NO_PIC = NO;
				GCC_NO_COMMON_BLOCKS = YES;
				GCC_OPTIMIZATION_LEVEL = 0;
				GCC_PREPROCESSOR_DEFINITIONS = (
					"DEBUG=1",
					"$(inherited)",
				);
				GCC_WARN_64_TO_32_BIT_CONVERSION = YES;
				GCC_WARN_ABOUT_RETURN_TYPE = YES_ERROR;
				GCC_WARN_UNDECLARED_SELECTOR = YES;
				GCC_WARN_UNINITIALIZED_AUTOS = YES_AGGRESSIVE;
				GCC_WARN_UNUSED_FUNCTION = YES;
				GCC_WARN_UNUSED_VARIABLE = YES;
				IPHONEOS_DEPLOYMENT_TARGET = 10.2;
				MTL_ENABLE_DEBUG_INFO = YES;
				ONLY_ACTIVE_ARCH = YES;
				SDKROOT = iphoneos;
				SWIFT_ACTIVE_COMPILATION_CONDITIONS = DEBUG;
				SWIFT_OPTIMIZATION_LEVEL = "-Onone";
				TARGETED_DEVICE_FAMILY = "1,2";
			};
			name = Debug;
		};
		A2B9B8EE1F7EA553001A8414 /* Release */ = {
			isa = XCBuildConfiguration;
			buildSettings = {
				ALWAYS_SEARCH_USER_PATHS = NO;
				CLANG_ANALYZER_NONNULL = YES;
				CLANG_CXX_LANGUAGE_STANDARD = "gnu++0x";
				CLANG_CXX_LIBRARY = "libc++";
				CLANG_ENABLE_MODULES = YES;
				CLANG_ENABLE_OBJC_ARC = YES;
				CLANG_WARN_BOOL_CONVERSION = YES;
				CLANG_WARN_CONSTANT_CONVERSION = YES;
				CLANG_WARN_DIRECT_OBJC_ISA_USAGE = YES_ERROR;
				CLANG_WARN_DOCUMENTATION_COMMENTS = YES;
				CLANG_WARN_EMPTY_BODY = YES;
				CLANG_WARN_ENUM_CONVERSION = YES;
				CLANG_WARN_INFINITE_RECURSION = YES;
				CLANG_WARN_INT_CONVERSION = YES;
				CLANG_WARN_OBJC_ROOT_CLASS = YES_ERROR;
				CLANG_WARN_SUSPICIOUS_MOVE = YES;
				CLANG_WARN_UNREACHABLE_CODE = YES;
				CLANG_WARN__DUPLICATE_METHOD_MATCH = YES;
				"CODE_SIGN_IDENTITY[sdk=iphoneos*]" = "iPhone Developer";
				COPY_PHASE_STRIP = NO;
				DEBUG_INFORMATION_FORMAT = "dwarf-with-dsym";
				ENABLE_NS_ASSERTIONS = NO;
				ENABLE_STRICT_OBJC_MSGSEND = YES;
				GCC_C_LANGUAGE_STANDARD = gnu99;
				GCC_NO_COMMON_BLOCKS = YES;
				GCC_WARN_64_TO_32_BIT_CONVERSION = YES;
				GCC_WARN_ABOUT_RETURN_TYPE = YES_ERROR;
				GCC_WARN_UNDECLARED_SELECTOR = YES;
				GCC_WARN_UNINITIALIZED_AUTOS = YES_AGGRESSIVE;
				GCC_WARN_UNUSED_FUNCTION = YES;
				GCC_WARN_UNUSED_VARIABLE = YES;
				IPHONEOS_DEPLOYMENT_TARGET = 10.2;
				MTL_ENABLE_DEBUG_INFO = NO;
				SDKROOT = iphoneos;
				SWIFT_OPTIMIZATION_LEVEL = "-Owholemodule";
				TARGETED_DEVICE_FAMILY = "1,2";
				VALIDATE_PRODUCT = YES;
			};
			name = Release;
		};
		A2B9B8F01F7EA553001A8414 /* Debug */ = {
			isa = XCBuildConfiguration;
			baseConfigurationReference = AAE9B6A5F595296105175D35 /* Pods-com.moviles.psychoapp.debug.xcconfig */;
			buildSettings = {
				ASSETCATALOG_COMPILER_APPICON_NAME = AppIcon;
				FRAMEWORK_SEARCH_PATHS = (
					"$(inherited)",
					"$(PROJECT_DIR)/build/Debug-iphoneos/QRCodeReader.swift",
				);
				INFOPLIST_FILE = com.moviles.psychoapp/Info.plist;
				LD_RUNPATH_SEARCH_PATHS = "$(inherited) @executable_path/Frameworks";
				PRODUCT_BUNDLE_IDENTIFIER = "psy.com-moviles-psychoapp";
				PRODUCT_NAME = "$(TARGET_NAME)";
				SWIFT_VERSION = 3.0;
			};
			name = Debug;
		};
		A2B9B8F11F7EA553001A8414 /* Release */ = {
			isa = XCBuildConfiguration;
			baseConfigurationReference = 7C1905319338911691ACA589 /* Pods-com.moviles.psychoapp.release.xcconfig */;
			buildSettings = {
				ASSETCATALOG_COMPILER_APPICON_NAME = AppIcon;
				FRAMEWORK_SEARCH_PATHS = (
					"$(inherited)",
					"$(PROJECT_DIR)/build/Debug-iphoneos/QRCodeReader.swift",
				);
				INFOPLIST_FILE = com.moviles.psychoapp/Info.plist;
				LD_RUNPATH_SEARCH_PATHS = "$(inherited) @executable_path/Frameworks";
				PRODUCT_BUNDLE_IDENTIFIER = "psy.com-moviles-psychoapp";
				PRODUCT_NAME = "$(TARGET_NAME)";
				SWIFT_VERSION = 3.0;
			};
			name = Release;
		};
/* End XCBuildConfiguration section */

/* Begin XCConfigurationList section */
		A2B9B8D81F7EA552001A8414 /* Build configuration list for PBXProject "com.moviles.psychoapp" */ = {
			isa = XCConfigurationList;
			buildConfigurations = (
				A2B9B8ED1F7EA553001A8414 /* Debug */,
				A2B9B8EE1F7EA553001A8414 /* Release */,
			);
			defaultConfigurationIsVisible = 0;
			defaultConfigurationName = Release;
		};
		A2B9B8EF1F7EA553001A8414 /* Build configuration list for PBXNativeTarget "com.moviles.psychoapp" */ = {
			isa = XCConfigurationList;
			buildConfigurations = (
				A2B9B8F01F7EA553001A8414 /* Debug */,
				A2B9B8F11F7EA553001A8414 /* Release */,
			);
			defaultConfigurationIsVisible = 0;
			defaultConfigurationName = Release;
		};
/* End XCConfigurationList section */
	};
	rootObject = A2B9B8D51F7EA552001A8414 /* Project object */;
}
